
Microsoft Visual Studio Solution File, Format Version 12.00
# Visual Studio Version 17
VisualStudioVersion = 17.14.36811.4 d17.14
MinimumVisualStudioVersion = 10.0.40219.1
Project("{FAE04EC0-301F-11D3-BF4B-00C04F79EFBC}") = "5. Çevrim-İçi Sepet – Türkçe Yüzdeler, Canlı Koleksiyon ve “Ücretsiz Kargo”", "5. Çevrim-İçi Sepet – Türkçe Yüzdeler, Canlı Koleksiyon ve “Ücretsiz Kargo”.csproj", "{047944D2-399D-465B-B232-F96FBA72CC3C}"
EndProject
Global
	GlobalSection(SolutionConfigurationPlatforms) = preSolution
		Debug|Any CPU = Debug|Any CPU
		Release|Any CPU = Release|Any CPU
	EndGlobalSection
	GlobalSection(ProjectConfigurationPlatforms) = postSolution
		{047944D2-399D-465B-B232-F96FBA72CC3C}.Debug|Any CPU.ActiveCfg = Debug|Any CPU
		{047944D2-399D-465B-B232-F96FBA72CC3C}.Debug|Any CPU.Build.0 = Debug|Any CPU
		{047944D2-399D-465B-B232-F96FBA72CC3C}.Release|Any CPU.ActiveCfg = Release|Any CPU
		{047944D2-399D-465B-B232-F96FBA72CC3C}.Release|Any CPU.Build.0 = Release|Any CPU
	EndGlobalSection
	GlobalSection(SolutionProperties) = preSolution
		HideSolutionNode = FALSE
	EndGlobalSection
	GlobalSection(ExtensibilityGlobals) = postSolution
		SolutionGuid = {3BA3944F-B977-4E6B-8BD4-981B3673F64C}
	EndGlobalSection
EndGlobal
